
Microsoft Visual Studio Solution File, Format Version 12.00
# Visual Studio Version 17
VisualStudioVersion = 17.1.32328.378
MinimumVisualStudioVersion = 10.0.40219.1
Project("{9A19103F-16F7-4668-BE54-9A1E7A4F7556}") = "multipla-escolha-api", "multipla-escolha-api.csproj", "{AD52F6F5-597A-4BB3-9C67-96A9D2F23253}"
EndProject
Project("{FAE04EC0-301F-11D3-BF4B-00C04F79EFBC}") = "multipla-escolha-api.nUnitTests", "..\multipla-escolha-api.nUnitTests\multipla-escolha-api.nUnitTests.csproj", "{C0FDE548-ECDA-4CC5-8F9D-EF14BDCAC75B}"
EndProject
Global
	GlobalSection(SolutionConfigurationPlatforms) = preSolution
		Debug|Any CPU = Debug|Any CPU
		Release|Any CPU = Release|Any CPU
	EndGlobalSection
	GlobalSection(ProjectConfigurationPlatforms) = postSolution
		{AD52F6F5-597A-4BB3-9C67-96A9D2F23253}.Debug|Any CPU.ActiveCfg = Debug|Any CPU
		{AD52F6F5-597A-4BB3-9C67-96A9D2F23253}.Debug|Any CPU.Build.0 = Debug|Any CPU
		{AD52F6F5-597A-4BB3-9C67-96A9D2F23253}.Release|Any CPU.ActiveCfg = Release|Any CPU
		{AD52F6F5-597A-4BB3-9C67-96A9D2F23253}.Release|Any CPU.Build.0 = Release|Any CPU
		{C0FDE548-ECDA-4CC5-8F9D-EF14BDCAC75B}.Debug|Any CPU.ActiveCfg = Debug|Any CPU
		{C0FDE548-ECDA-4CC5-8F9D-EF14BDCAC75B}.Debug|Any CPU.Build.0 = Debug|Any CPU
		{C0FDE548-ECDA-4CC5-8F9D-EF14BDCAC75B}.Release|Any CPU.ActiveCfg = Release|Any CPU
		{C0FDE548-ECDA-4CC5-8F9D-EF14BDCAC75B}.Release|Any CPU.Build.0 = Release|Any CPU
	EndGlobalSection
	GlobalSection(SolutionProperties) = preSolution
		HideSolutionNode = FALSE
	EndGlobalSection
	GlobalSection(ExtensibilityGlobals) = postSolution
		SolutionGuid = {F95C2EA5-BAB1-4B48-9C1E-6E66BB1A98DD}
	EndGlobalSection
EndGlobal
